<?xml version="1.0" encoding="utf-8"?>
<Project ToolsVersion="4.0" xmlns="http://schemas.microsoft.com/developer/msbuild/2003">
  <ItemGroup>
    <Filter Include="Src">
      <UniqueIdentifier>{4FC737F1-C7A5-4376-A066-2A32D752A2FF}</UniqueIdentifier>
      <Extensions>cpp;c;cc;cxx;def;odl;idl;hpj;bat;asm;asmx</Extensions>
    </Filter>
    <Filter Include="3rd">
      <UniqueIdentifier>{93995380-89BD-4b04-88EB-625FBE52EBFB}</UniqueIdentifier>
      <Extensions>h;hh;hpp;hxx;hm;inl;inc;xsd</Extensions>
    </Filter>
    <Filter Include="3rd\crypto">
      <UniqueIdentifier>{1200349e-64ec-456e-b1d4-bdce961cfbbe}</UniqueIdentifier>
    </Filter>
  </ItemGroup>
  <ItemGroup>
    <ClCompile Include="..\3rd\crypto\base64_decoder.cc">
      <Filter>3rd\crypto</Filter>
    </ClCompile>
    <ClCompile Include="..\3rd\crypto\base64_encoder.cc">
      <Filter>3rd\crypto</Filter>
    </ClCompile>
    <ClCompile Include="..\3rd\crypto\md5.cc">
      <Filter>3rd\crypto</Filter>
    </ClCompile>
    <ClCompile Include="..\3rd\crypto\sha1.cc">
      <Filter>3rd\crypto</Filter>
    </ClCompile>
    <ClCompile Include="main.cc">
      <Filter>Src</Filter>
    </ClCompile>
  </ItemGroup>
  <ItemGroup>
    <ClInclude Include="..\3rd\crypto\base64_decoder.h">
      <Filter>3rd\crypto</Filter>
    </ClInclude>
    <ClInclude Include="..\3rd\crypto\base64_encoder.h">
      <Filter>3rd\crypto</Filter>
    </ClInclude>
    <ClInclude Include="..\3rd\crypto\md5.h">
      <Filter>3rd\crypto</Filter>
    </ClInclude>
    <ClInclude Include="..\3rd\crypto\sha1.h">
      <Filter>3rd\crypto</Filter>
    </ClInclude>
  </ItemGroup>
</Project>