
Microsoft Visual Studio Solution File, Format Version 12.00
# Visual Studio 14
VisualStudioVersion = 14.0.25420.1
MinimumVisualStudioVersion = 10.0.40219.1
Project("{8BC9CEB8-8B4A-11D0-8D11-00A0C91BC942}") = "UDPServer", "UDPServer\UDPServer.vcxproj", "{1E772B33-F8E1-4378-BFAE-B61614229A6B}"
EndProject
Project("{8BC9CEB8-8B4A-11D0-8D11-00A0C91BC942}") = "UDPClient", "UDPClient\UDPClient.vcxproj", "{FA10520B-EFD4-4775-92FA-842EC66F0DAC}"
EndProject
Project("{8BC9CEB8-8B4A-11D0-8D11-00A0C91BC942}") = "TCPServer", "TCPServer\TCPServer.vcxproj", "{46EA84DA-932E-49E7-A9BE-688698494F27}"
EndProject
Project("{8BC9CEB8-8B4A-11D0-8D11-00A0C91BC942}") = "TCPClient", "TCPClient\TCPClient.vcxproj", "{FDC307C4-03CD-4A20-A425-F90FBF4C8098}"
EndProject
Project("{8BC9CEB8-8B4A-11D0-8D11-00A0C91BC942}") = "LibuvTCPServer", "LibuvTCPServer\LibuvTCPServer.vcxproj", "{B39F345F-FD2C-4ED8-BB5C-F612663A8892}"
EndProject
Project("{8BC9CEB8-8B4A-11D0-8D11-00A0C91BC942}") = "LibuvUDPServer", "LibuvUDPServer\LibuvUDPServer.vcxproj", "{F584040B-80BC-41A2-95C5-62D7B8E0DB66}"
EndProject
Project("{8BC9CEB8-8B4A-11D0-8D11-00A0C91BC942}") = "LibuvTimer", "LibuvTimer\LibuvTimer.vcxproj", "{0069B09E-E600-438F-8E4B-6F0F1EFDD701}"
EndProject
Global
	GlobalSection(SolutionConfigurationPlatforms) = preSolution
		Debug|x64 = Debug|x64
		Debug|x86 = Debug|x86
		Release|x64 = Release|x64
		Release|x86 = Release|x86
	EndGlobalSection
	GlobalSection(ProjectConfigurationPlatforms) = postSolution
		{1E772B33-F8E1-4378-BFAE-B61614229A6B}.Debug|x64.ActiveCfg = Debug|x64
		{1E772B33-F8E1-4378-BFAE-B61614229A6B}.Debug|x64.Build.0 = Debug|x64
		{1E772B33-F8E1-4378-BFAE-B61614229A6B}.Debug|x86.ActiveCfg = Debug|Win32
		{1E772B33-F8E1-4378-BFAE-B61614229A6B}.Debug|x86.Build.0 = Debug|Win32
		{1E772B33-F8E1-4378-BFAE-B61614229A6B}.Release|x64.ActiveCfg = Release|x64
		{1E772B33-F8E1-4378-BFAE-B61614229A6B}.Release|x64.Build.0 = Release|x64
		{1E772B33-F8E1-4378-BFAE-B61614229A6B}.Release|x86.ActiveCfg = Release|Win32
		{1E772B33-F8E1-4378-BFAE-B61614229A6B}.Release|x86.Build.0 = Release|Win32
		{FA10520B-EFD4-4775-92FA-842EC66F0DAC}.Debug|x64.ActiveCfg = Debug|x64
		{FA10520B-EFD4-4775-92FA-842EC66F0DAC}.Debug|x64.Build.0 = Debug|x64
		{FA10520B-EFD4-4775-92FA-842EC66F0DAC}.Debug|x86.ActiveCfg = Debug|Win32
		{FA10520B-EFD4-4775-92FA-842EC66F0DAC}.Debug|x86.Build.0 = Debug|Win32
		{FA10520B-EFD4-4775-92FA-842EC66F0DAC}.Release|x64.ActiveCfg = Release|x64
		{FA10520B-EFD4-4775-92FA-842EC66F0DAC}.Release|x64.Build.0 = Release|x64
		{FA10520B-EFD4-4775-92FA-842EC66F0DAC}.Release|x86.ActiveCfg = Release|Win32
		{FA10520B-EFD4-4775-92FA-842EC66F0DAC}.Release|x86.Build.0 = Release|Win32
		{46EA84DA-932E-49E7-A9BE-688698494F27}.Debug|x64.ActiveCfg = Debug|x64
		{46EA84DA-932E-49E7-A9BE-688698494F27}.Debug|x64.Build.0 = Debug|x64
		{46EA84DA-932E-49E7-A9BE-688698494F27}.Debug|x86.ActiveCfg = Debug|Win32
		{46EA84DA-932E-49E7-A9BE-688698494F27}.Debug|x86.Build.0 = Debug|Win32
		{46EA84DA-932E-49E7-A9BE-688698494F27}.Release|x64.ActiveCfg = Release|x64
		{46EA84DA-932E-49E7-A9BE-688698494F27}.Release|x64.Build.0 = Release|x64
		{46EA84DA-932E-49E7-A9BE-688698494F27}.Release|x86.ActiveCfg = Release|Win32
		{46EA84DA-932E-49E7-A9BE-688698494F27}.Release|x86.Build.0 = Release|Win32
		{FDC307C4-03CD-4A20-A425-F90FBF4C8098}.Debug|x64.ActiveCfg = Debug|x64
		{FDC307C4-03CD-4A20-A425-F90FBF4C8098}.Debug|x64.Build.0 = Debug|x64
		{FDC307C4-03CD-4A20-A425-F90FBF4C8098}.Debug|x86.ActiveCfg = Debug|Win32
		{FDC307C4-03CD-4A20-A425-F90FBF4C8098}.Debug|x86.Build.0 = Debug|Win32
		{FDC307C4-03CD-4A20-A425-F90FBF4C8098}.Release|x64.ActiveCfg = Release|x64
		{FDC307C4-03CD-4A20-A425-F90FBF4C8098}.Release|x64.Build.0 = Release|x64
		{FDC307C4-03CD-4A20-A425-F90FBF4C8098}.Release|x86.ActiveCfg = Release|Win32
		{FDC307C4-03CD-4A20-A425-F90FBF4C8098}.Release|x86.Build.0 = Release|Win32
		{B39F345F-FD2C-4ED8-BB5C-F612663A8892}.Debug|x64.ActiveCfg = Debug|x64
		{B39F345F-FD2C-4ED8-BB5C-F612663A8892}.Debug|x64.Build.0 = Debug|x64
		{B39F345F-FD2C-4ED8-BB5C-F612663A8892}.Debug|x86.ActiveCfg = Debug|Win32
		{B39F345F-FD2C-4ED8-BB5C-F612663A8892}.Debug|x86.Build.0 = Debug|Win32
		{B39F345F-FD2C-4ED8-BB5C-F612663A8892}.Release|x64.ActiveCfg = Release|x64
		{B39F345F-FD2C-4ED8-BB5C-F612663A8892}.Release|x64.Build.0 = Release|x64
		{B39F345F-FD2C-4ED8-BB5C-F612663A8892}.Release|x86.ActiveCfg = Release|Win32
		{B39F345F-FD2C-4ED8-BB5C-F612663A8892}.Release|x86.Build.0 = Release|Win32
		{F584040B-80BC-41A2-95C5-62D7B8E0DB66}.Debug|x64.ActiveCfg = Debug|x64
		{F584040B-80BC-41A2-95C5-62D7B8E0DB66}.Debug|x64.Build.0 = Debug|x64
		{F584040B-80BC-41A2-95C5-62D7B8E0DB66}.Debug|x86.ActiveCfg = Debug|Win32
		{F584040B-80BC-41A2-95C5-62D7B8E0DB66}.Debug|x86.Build.0 = Debug|Win32
		{F584040B-80BC-41A2-95C5-62D7B8E0DB66}.Release|x64.ActiveCfg = Release|x64
		{F584040B-80BC-41A2-95C5-62D7B8E0DB66}.Release|x64.Build.0 = Release|x64
		{F584040B-80BC-41A2-95C5-62D7B8E0DB66}.Release|x86.ActiveCfg = Release|Win32
		{F584040B-80BC-41A2-95C5-62D7B8E0DB66}.Release|x86.Build.0 = Release|Win32
		{0069B09E-E600-438F-8E4B-6F0F1EFDD701}.Debug|x64.ActiveCfg = Debug|x64
		{0069B09E-E600-438F-8E4B-6F0F1EFDD701}.Debug|x64.Build.0 = Debug|x64
		{0069B09E-E600-438F-8E4B-6F0F1EFDD701}.Debug|x86.ActiveCfg = Debug|Win32
		{0069B09E-E600-438F-8E4B-6F0F1EFDD701}.Debug|x86.Build.0 = Debug|Win32
		{0069B09E-E600-438F-8E4B-6F0F1EFDD701}.Release|x64.ActiveCfg = Release|x64
		{0069B09E-E600-438F-8E4B-6F0F1EFDD701}.Release|x64.Build.0 = Release|x64
		{0069B09E-E600-438F-8E4B-6F0F1EFDD701}.Release|x86.ActiveCfg = Release|Win32
		{0069B09E-E600-438F-8E4B-6F0F1EFDD701}.Release|x86.Build.0 = Release|Win32
	EndGlobalSection
	GlobalSection(SolutionProperties) = preSolution
		HideSolutionNode = FALSE
	EndGlobalSection
EndGlobal
