
Microsoft Visual Studio Solution File, Format Version 12.00
# Visual Studio 14
VisualStudioVersion = 14.0.25420.1
MinimumVisualStudioVersion = 10.0.40219.1
Project("{8BC9CEB8-8B4A-11D0-8D11-00A0C91BC942}") = "UDPServer", "UDPServer\UDPServer.vcxproj", "{1E772B33-F8E1-4378-BFAE-B61614229A6B}"
EndProject
Project("{8BC9CEB8-8B4A-11D0-8D11-00A0C91BC942}") = "UDPClient", "UDPClient\UDPClient.vcxproj", "{FA10520B-EFD4-4775-92FA-842EC66F0DAC}"
EndProject
Project("{8BC9CEB8-8B4A-11D0-8D11-00A0C91BC942}") = "TCPServer", "TCPServer\TCPServer.vcxproj", "{46EA84DA-932E-49E7-A9BE-688698494F27}"
EndProject
Project("{8BC9CEB8-8B4A-11D0-8D11-00A0C91BC942}") = "TCPClient", "TCPClient\TCPClient.vcxproj", "{FDC307C4-03CD-4A20-A425-F90FBF4C8098}"
EndProject
Project("{8BC9CEB8-8B4A-11D0-8D11-00A0C91BC942}") = "LibuvTCPServer", "LibuvTCPServer\LibuvTCPServer.vcxproj", "{B39F345F-FD2C-4ED8-BB5C-F612663A8892}"
EndProject
Project("{8BC9CEB8-8B4A-11D0-8D11-00A0C91BC942}") = "LibuvUDPServer", "LibuvUDPServer\LibuvUDPServer.vcxproj", "{F584040B-80BC-41A2-95C5-62D7B8E0DB66}"
EndProject
Project("{8BC9CEB8-8B4A-11D0-8D11-00A0C91BC942}") = "LibuvTimer", "LibuvTimer\LibuvTimer.vcxproj", "{0069B09E-E600-438F-8E4B-6F0F1EFDD701}"
EndProject
Project("{8BC9CEB8-8B4A-11D0-8D11-00A0C91BC942}") = "LibuvFile", "LibuvFile\LibuvFile.vcxproj", "{2F18503F-3917-4A15-9F85-B483486DC43C}"
EndProject
Project("{8BC9CEB8-8B4A-11D0-8D11-00A0C91BC942}") = "Json-mjson", "Json-mjson\Json-mjson.vcxproj", "{213AA2FB-3A74-470F-A15D-58E89ED6293D}"
EndProject
Project("{8BC9CEB8-8B4A-11D0-8D11-00A0C91BC942}") = "Code-base64-md5-sha1", "Code-base64-md5-sha1\Code-base64-md5-sha1.vcxproj", "{FFCF839B-A9C0-4870-9AAE-BFA55CBF40D9}"
EndProject
Project("{8BC9CEB8-8B4A-11D0-8D11-00A0C91BC942}") = "HttpParser", "HttpParser\HttpParser.vcxproj", "{A62F11E0-C755-45CC-A270-4B280490B0B8}"
EndProject
Project("{8BC9CEB8-8B4A-11D0-8D11-00A0C91BC942}") = "Websock", "Websock\Websock.vcxproj", "{D35D33DA-F111-44C1-BD35-DB414DADA0FD}"
EndProject
Project("{8BC9CEB8-8B4A-11D0-8D11-00A0C91BC942}") = "LibuvHttpServer", "LibuvHttpServer\LibuvHttpServer.vcxproj", "{EE90F3D6-A655-404A-810E-335ACAED1CE8}"
EndProject
Project("{8BC9CEB8-8B4A-11D0-8D11-00A0C91BC942}") = "Mysql", "Mysql\Mysql.vcxproj", "{DA095EAB-8216-4FB9-8229-30B9F26EA60F}"
EndProject
Project("{8BC9CEB8-8B4A-11D0-8D11-00A0C91BC942}") = "Redis", "Redis\Redis.vcxproj", "{E8064D96-147B-446E-8E64-15C10CFD4C67}"
EndProject
Global
	GlobalSection(SolutionConfigurationPlatforms) = preSolution
		Debug|x64 = Debug|x64
		Debug|x86 = Debug|x86
		Release|x64 = Release|x64
		Release|x86 = Release|x86
	EndGlobalSection
	GlobalSection(ProjectConfigurationPlatforms) = postSolution
		{1E772B33-F8E1-4378-BFAE-B61614229A6B}.Debug|x64.ActiveCfg = Debug|x64
		{1E772B33-F8E1-4378-BFAE-B61614229A6B}.Debug|x64.Build.0 = Debug|x64
		{1E772B33-F8E1-4378-BFAE-B61614229A6B}.Debug|x86.ActiveCfg = Debug|Win32
		{1E772B33-F8E1-4378-BFAE-B61614229A6B}.Debug|x86.Build.0 = Debug|Win32
		{1E772B33-F8E1-4378-BFAE-B61614229A6B}.Release|x64.ActiveCfg = Release|x64
		{1E772B33-F8E1-4378-BFAE-B61614229A6B}.Release|x64.Build.0 = Release|x64
		{1E772B33-F8E1-4378-BFAE-B61614229A6B}.Release|x86.ActiveCfg = Release|Win32
		{1E772B33-F8E1-4378-BFAE-B61614229A6B}.Release|x86.Build.0 = Release|Win32
		{FA10520B-EFD4-4775-92FA-842EC66F0DAC}.Debug|x64.ActiveCfg = Debug|x64
		{FA10520B-EFD4-4775-92FA-842EC66F0DAC}.Debug|x64.Build.0 = Debug|x64
		{FA10520B-EFD4-4775-92FA-842EC66F0DAC}.Debug|x86.ActiveCfg = Debug|Win32
		{FA10520B-EFD4-4775-92FA-842EC66F0DAC}.Debug|x86.Build.0 = Debug|Win32
		{FA10520B-EFD4-4775-92FA-842EC66F0DAC}.Release|x64.ActiveCfg = Release|x64
		{FA10520B-EFD4-4775-92FA-842EC66F0DAC}.Release|x64.Build.0 = Release|x64
		{FA10520B-EFD4-4775-92FA-842EC66F0DAC}.Release|x86.ActiveCfg = Release|Win32
		{FA10520B-EFD4-4775-92FA-842EC66F0DAC}.Release|x86.Build.0 = Release|Win32
		{46EA84DA-932E-49E7-A9BE-688698494F27}.Debug|x64.ActiveCfg = Debug|x64
		{46EA84DA-932E-49E7-A9BE-688698494F27}.Debug|x64.Build.0 = Debug|x64
		{46EA84DA-932E-49E7-A9BE-688698494F27}.Debug|x86.ActiveCfg = Debug|Win32
		{46EA84DA-932E-49E7-A9BE-688698494F27}.Debug|x86.Build.0 = Debug|Win32
		{46EA84DA-932E-49E7-A9BE-688698494F27}.Release|x64.ActiveCfg = Release|x64
		{46EA84DA-932E-49E7-A9BE-688698494F27}.Release|x64.Build.0 = Release|x64
		{46EA84DA-932E-49E7-A9BE-688698494F27}.Release|x86.ActiveCfg = Release|Win32
		{46EA84DA-932E-49E7-A9BE-688698494F27}.Release|x86.Build.0 = Release|Win32
		{FDC307C4-03CD-4A20-A425-F90FBF4C8098}.Debug|x64.ActiveCfg = Debug|x64
		{FDC307C4-03CD-4A20-A425-F90FBF4C8098}.Debug|x64.Build.0 = Debug|x64
		{FDC307C4-03CD-4A20-A425-F90FBF4C8098}.Debug|x86.ActiveCfg = Debug|Win32
		{FDC307C4-03CD-4A20-A425-F90FBF4C8098}.Debug|x86.Build.0 = Debug|Win32
		{FDC307C4-03CD-4A20-A425-F90FBF4C8098}.Release|x64.ActiveCfg = Release|x64
		{FDC307C4-03CD-4A20-A425-F90FBF4C8098}.Release|x64.Build.0 = Release|x64
		{FDC307C4-03CD-4A20-A425-F90FBF4C8098}.Release|x86.ActiveCfg = Release|Win32
		{FDC307C4-03CD-4A20-A425-F90FBF4C8098}.Release|x86.Build.0 = Release|Win32
		{B39F345F-FD2C-4ED8-BB5C-F612663A8892}.Debug|x64.ActiveCfg = Debug|x64
		{B39F345F-FD2C-4ED8-BB5C-F612663A8892}.Debug|x64.Build.0 = Debug|x64
		{B39F345F-FD2C-4ED8-BB5C-F612663A8892}.Debug|x86.ActiveCfg = Debug|Win32
		{B39F345F-FD2C-4ED8-BB5C-F612663A8892}.Debug|x86.Build.0 = Debug|Win32
		{B39F345F-FD2C-4ED8-BB5C-F612663A8892}.Release|x64.ActiveCfg = Release|x64
		{B39F345F-FD2C-4ED8-BB5C-F612663A8892}.Release|x64.Build.0 = Release|x64
		{B39F345F-FD2C-4ED8-BB5C-F612663A8892}.Release|x86.ActiveCfg = Release|Win32
		{B39F345F-FD2C-4ED8-BB5C-F612663A8892}.Release|x86.Build.0 = Release|Win32
		{F584040B-80BC-41A2-95C5-62D7B8E0DB66}.Debug|x64.ActiveCfg = Debug|x64
		{F584040B-80BC-41A2-95C5-62D7B8E0DB66}.Debug|x64.Build.0 = Debug|x64
		{F584040B-80BC-41A2-95C5-62D7B8E0DB66}.Debug|x86.ActiveCfg = Debug|Win32
		{F584040B-80BC-41A2-95C5-62D7B8E0DB66}.Debug|x86.Build.0 = Debug|Win32
		{F584040B-80BC-41A2-95C5-62D7B8E0DB66}.Release|x64.ActiveCfg = Release|x64
		{F584040B-80BC-41A2-95C5-62D7B8E0DB66}.Release|x64.Build.0 = Release|x64
		{F584040B-80BC-41A2-95C5-62D7B8E0DB66}.Release|x86.ActiveCfg = Release|Win32
		{F584040B-80BC-41A2-95C5-62D7B8E0DB66}.Release|x86.Build.0 = Release|Win32
		{0069B09E-E600-438F-8E4B-6F0F1EFDD701}.Debug|x64.ActiveCfg = Debug|x64
		{0069B09E-E600-438F-8E4B-6F0F1EFDD701}.Debug|x64.Build.0 = Debug|x64
		{0069B09E-E600-438F-8E4B-6F0F1EFDD701}.Debug|x86.ActiveCfg = Debug|Win32
		{0069B09E-E600-438F-8E4B-6F0F1EFDD701}.Debug|x86.Build.0 = Debug|Win32
		{0069B09E-E600-438F-8E4B-6F0F1EFDD701}.Release|x64.ActiveCfg = Release|x64
		{0069B09E-E600-438F-8E4B-6F0F1EFDD701}.Release|x64.Build.0 = Release|x64
		{0069B09E-E600-438F-8E4B-6F0F1EFDD701}.Release|x86.ActiveCfg = Release|Win32
		{0069B09E-E600-438F-8E4B-6F0F1EFDD701}.Release|x86.Build.0 = Release|Win32
		{2F18503F-3917-4A15-9F85-B483486DC43C}.Debug|x64.ActiveCfg = Debug|x64
		{2F18503F-3917-4A15-9F85-B483486DC43C}.Debug|x64.Build.0 = Debug|x64
		{2F18503F-3917-4A15-9F85-B483486DC43C}.Debug|x86.ActiveCfg = Debug|Win32
		{2F18503F-3917-4A15-9F85-B483486DC43C}.Debug|x86.Build.0 = Debug|Win32
		{2F18503F-3917-4A15-9F85-B483486DC43C}.Release|x64.ActiveCfg = Release|x64
		{2F18503F-3917-4A15-9F85-B483486DC43C}.Release|x64.Build.0 = Release|x64
		{2F18503F-3917-4A15-9F85-B483486DC43C}.Release|x86.ActiveCfg = Release|Win32
		{2F18503F-3917-4A15-9F85-B483486DC43C}.Release|x86.Build.0 = Release|Win32
		{213AA2FB-3A74-470F-A15D-58E89ED6293D}.Debug|x64.ActiveCfg = Debug|x64
		{213AA2FB-3A74-470F-A15D-58E89ED6293D}.Debug|x64.Build.0 = Debug|x64
		{213AA2FB-3A74-470F-A15D-58E89ED6293D}.Debug|x86.ActiveCfg = Debug|Win32
		{213AA2FB-3A74-470F-A15D-58E89ED6293D}.Debug|x86.Build.0 = Debug|Win32
		{213AA2FB-3A74-470F-A15D-58E89ED6293D}.Release|x64.ActiveCfg = Release|x64
		{213AA2FB-3A74-470F-A15D-58E89ED6293D}.Release|x64.Build.0 = Release|x64
		{213AA2FB-3A74-470F-A15D-58E89ED6293D}.Release|x86.ActiveCfg = Release|Win32
		{213AA2FB-3A74-470F-A15D-58E89ED6293D}.Release|x86.Build.0 = Release|Win32
		{FFCF839B-A9C0-4870-9AAE-BFA55CBF40D9}.Debug|x64.ActiveCfg = Debug|x64
		{FFCF839B-A9C0-4870-9AAE-BFA55CBF40D9}.Debug|x64.Build.0 = Debug|x64
		{FFCF839B-A9C0-4870-9AAE-BFA55CBF40D9}.Debug|x86.ActiveCfg = Debug|Win32
		{FFCF839B-A9C0-4870-9AAE-BFA55CBF40D9}.Debug|x86.Build.0 = Debug|Win32
		{FFCF839B-A9C0-4870-9AAE-BFA55CBF40D9}.Release|x64.ActiveCfg = Release|x64
		{FFCF839B-A9C0-4870-9AAE-BFA55CBF40D9}.Release|x64.Build.0 = Release|x64
		{FFCF839B-A9C0-4870-9AAE-BFA55CBF40D9}.Release|x86.ActiveCfg = Release|Win32
		{FFCF839B-A9C0-4870-9AAE-BFA55CBF40D9}.Release|x86.Build.0 = Release|Win32
		{A62F11E0-C755-45CC-A270-4B280490B0B8}.Debug|x64.ActiveCfg = Debug|x64
		{A62F11E0-C755-45CC-A270-4B280490B0B8}.Debug|x64.Build.0 = Debug|x64
		{A62F11E0-C755-45CC-A270-4B280490B0B8}.Debug|x86.ActiveCfg = Debug|Win32
		{A62F11E0-C755-45CC-A270-4B280490B0B8}.Debug|x86.Build.0 = Debug|Win32
		{A62F11E0-C755-45CC-A270-4B280490B0B8}.Release|x64.ActiveCfg = Release|x64
		{A62F11E0-C755-45CC-A270-4B280490B0B8}.Release|x64.Build.0 = Release|x64
		{A62F11E0-C755-45CC-A270-4B280490B0B8}.Release|x86.ActiveCfg = Release|Win32
		{A62F11E0-C755-45CC-A270-4B280490B0B8}.Release|x86.Build.0 = Release|Win32
		{D35D33DA-F111-44C1-BD35-DB414DADA0FD}.Debug|x64.ActiveCfg = Debug|x64
		{D35D33DA-F111-44C1-BD35-DB414DADA0FD}.Debug|x64.Build.0 = Debug|x64
		{D35D33DA-F111-44C1-BD35-DB414DADA0FD}.Debug|x86.ActiveCfg = Debug|Win32
		{D35D33DA-F111-44C1-BD35-DB414DADA0FD}.Debug|x86.Build.0 = Debug|Win32
		{D35D33DA-F111-44C1-BD35-DB414DADA0FD}.Release|x64.ActiveCfg = Release|x64
		{D35D33DA-F111-44C1-BD35-DB414DADA0FD}.Release|x64.Build.0 = Release|x64
		{D35D33DA-F111-44C1-BD35-DB414DADA0FD}.Release|x86.ActiveCfg = Release|Win32
		{D35D33DA-F111-44C1-BD35-DB414DADA0FD}.Release|x86.Build.0 = Release|Win32
		{EE90F3D6-A655-404A-810E-335ACAED1CE8}.Debug|x64.ActiveCfg = Debug|x64
		{EE90F3D6-A655-404A-810E-335ACAED1CE8}.Debug|x64.Build.0 = Debug|x64
		{EE90F3D6-A655-404A-810E-335ACAED1CE8}.Debug|x86.ActiveCfg = Debug|Win32
		{EE90F3D6-A655-404A-810E-335ACAED1CE8}.Debug|x86.Build.0 = Debug|Win32
		{EE90F3D6-A655-404A-810E-335ACAED1CE8}.Release|x64.ActiveCfg = Release|x64
		{EE90F3D6-A655-404A-810E-335ACAED1CE8}.Release|x64.Build.0 = Release|x64
		{EE90F3D6-A655-404A-810E-335ACAED1CE8}.Release|x86.ActiveCfg = Release|Win32
		{EE90F3D6-A655-404A-810E-335ACAED1CE8}.Release|x86.Build.0 = Release|Win32
		{DA095EAB-8216-4FB9-8229-30B9F26EA60F}.Debug|x64.ActiveCfg = Debug|x64
		{DA095EAB-8216-4FB9-8229-30B9F26EA60F}.Debug|x64.Build.0 = Debug|x64
		{DA095EAB-8216-4FB9-8229-30B9F26EA60F}.Debug|x86.ActiveCfg = Debug|Win32
		{DA095EAB-8216-4FB9-8229-30B9F26EA60F}.Debug|x86.Build.0 = Debug|Win32
		{DA095EAB-8216-4FB9-8229-30B9F26EA60F}.Release|x64.ActiveCfg = Release|x64
		{DA095EAB-8216-4FB9-8229-30B9F26EA60F}.Release|x64.Build.0 = Release|x64
		{DA095EAB-8216-4FB9-8229-30B9F26EA60F}.Release|x86.ActiveCfg = Release|Win32
		{DA095EAB-8216-4FB9-8229-30B9F26EA60F}.Release|x86.Build.0 = Release|Win32
		{E8064D96-147B-446E-8E64-15C10CFD4C67}.Debug|x64.ActiveCfg = Debug|x64
		{E8064D96-147B-446E-8E64-15C10CFD4C67}.Debug|x64.Build.0 = Debug|x64
		{E8064D96-147B-446E-8E64-15C10CFD4C67}.Debug|x86.ActiveCfg = Debug|Win32
		{E8064D96-147B-446E-8E64-15C10CFD4C67}.Debug|x86.Build.0 = Debug|Win32
		{E8064D96-147B-446E-8E64-15C10CFD4C67}.Release|x64.ActiveCfg = Release|x64
		{E8064D96-147B-446E-8E64-15C10CFD4C67}.Release|x64.Build.0 = Release|x64
		{E8064D96-147B-446E-8E64-15C10CFD4C67}.Release|x86.ActiveCfg = Release|Win32
		{E8064D96-147B-446E-8E64-15C10CFD4C67}.Release|x86.Build.0 = Release|Win32
	EndGlobalSection
	GlobalSection(SolutionProperties) = preSolution
		HideSolutionNode = FALSE
	EndGlobalSection
EndGlobal
